
Microsoft Visual Studio Solution File, Format Version 12.00
# Visual Studio Version 17
VisualStudioVersion = 17.0.31903.59
MinimumVisualStudioVersion = 10.0.40219.1
Project("{FAE04EC0-301F-11D3-BF4B-00C04F79EFBC}") = "PppkOrmProject.Data", "PppkOrmProject.Data\PppkOrmProject.Data.csproj", "{B433A05E-011A-4767-9740-19717C2A2FC6}"
EndProject
Project("{FAE04EC0-301F-11D3-BF4B-00C04F79EFBC}") = "PppkOrmProject.Console", "PppkOrmProject.Console\PppkOrmProject.Console.csproj", "{EAC774BC-72F6-4E44-978B-12303DAF37C2}"
EndProject
Global
	GlobalSection(SolutionConfigurationPlatforms) = preSolution
		Debug|Any CPU = Debug|Any CPU
		Release|Any CPU = Release|Any CPU
	EndGlobalSection
	GlobalSection(SolutionProperties) = preSolution
		HideSolutionNode = FALSE
	EndGlobalSection
	GlobalSection(ProjectConfigurationPlatforms) = postSolution
		{B433A05E-011A-4767-9740-19717C2A2FC6}.Debug|Any CPU.ActiveCfg = Debug|Any CPU
		{B433A05E-011A-4767-9740-19717C2A2FC6}.Debug|Any CPU.Build.0 = Debug|Any CPU
		{B433A05E-011A-4767-9740-19717C2A2FC6}.Release|Any CPU.ActiveCfg = Release|Any CPU
		{B433A05E-011A-4767-9740-19717C2A2FC6}.Release|Any CPU.Build.0 = Release|Any CPU
		{EAC774BC-72F6-4E44-978B-12303DAF37C2}.Debug|Any CPU.ActiveCfg = Debug|Any CPU
		{EAC774BC-72F6-4E44-978B-12303DAF37C2}.Debug|Any CPU.Build.0 = Debug|Any CPU
		{EAC774BC-72F6-4E44-978B-12303DAF37C2}.Release|Any CPU.ActiveCfg = Release|Any CPU
		{EAC774BC-72F6-4E44-978B-12303DAF37C2}.Release|Any CPU.Build.0 = Release|Any CPU
	EndGlobalSection
EndGlobal
